
Microsoft Visual Studio Solution File, Format Version 12.00
# Visual Studio Version 17
VisualStudioVersion = 17.11.35431.28
MinimumVisualStudioVersion = 10.0.40219.1
Project("{FAE04EC0-301F-11D3-BF4B-00C04F79EFBC}") = "WebApp_Tickets", "WebApp_Tickets\WebApp_Tickets.csproj", "{417E03AE-8CC0-4107-8FA8-8B2A667FD7CE}"
EndProject
Project("{FAE04EC0-301F-11D3-BF4B-00C04F79EFBC}") = "Dominio", "Dominio\Dominio.csproj", "{8949F7E8-2349-4136-AA74-F82A815F4DC4}"
EndProject
Project("{FAE04EC0-301F-11D3-BF4B-00C04F79EFBC}") = "Negocio", "Negocio\Negocio.csproj", "{4E1FA3C9-4B8A-454B-9A3D-AC86BFC19B2F}"
EndProject
Global
	GlobalSection(SolutionConfigurationPlatforms) = preSolution
		Debug|Any CPU = Debug|Any CPU
		Release|Any CPU = Release|Any CPU
	EndGlobalSection
	GlobalSection(ProjectConfigurationPlatforms) = postSolution
		{417E03AE-8CC0-4107-8FA8-8B2A667FD7CE}.Debug|Any CPU.ActiveCfg = Debug|Any CPU
		{417E03AE-8CC0-4107-8FA8-8B2A667FD7CE}.Debug|Any CPU.Build.0 = Debug|Any CPU
		{417E03AE-8CC0-4107-8FA8-8B2A667FD7CE}.Release|Any CPU.ActiveCfg = Release|Any CPU
		{417E03AE-8CC0-4107-8FA8-8B2A667FD7CE}.Release|Any CPU.Build.0 = Release|Any CPU
		{8949F7E8-2349-4136-AA74-F82A815F4DC4}.Debug|Any CPU.ActiveCfg = Debug|Any CPU
		{8949F7E8-2349-4136-AA74-F82A815F4DC4}.Debug|Any CPU.Build.0 = Debug|Any CPU
		{8949F7E8-2349-4136-AA74-F82A815F4DC4}.Release|Any CPU.ActiveCfg = Release|Any CPU
		{8949F7E8-2349-4136-AA74-F82A815F4DC4}.Release|Any CPU.Build.0 = Release|Any CPU
		{4E1FA3C9-4B8A-454B-9A3D-AC86BFC19B2F}.Debug|Any CPU.ActiveCfg = Debug|Any CPU
		{4E1FA3C9-4B8A-454B-9A3D-AC86BFC19B2F}.Debug|Any CPU.Build.0 = Debug|Any CPU
		{4E1FA3C9-4B8A-454B-9A3D-AC86BFC19B2F}.Release|Any CPU.ActiveCfg = Release|Any CPU
		{4E1FA3C9-4B8A-454B-9A3D-AC86BFC19B2F}.Release|Any CPU.Build.0 = Release|Any CPU
	EndGlobalSection
	GlobalSection(SolutionProperties) = preSolution
		HideSolutionNode = FALSE
	EndGlobalSection
	GlobalSection(ExtensibilityGlobals) = postSolution
		SolutionGuid = {64DA425C-712E-4D72-80D1-DF94A0BA0345}
	EndGlobalSection
EndGlobal
